{
    "_meta": {
        "hash": {
            "sha256": "c0f2fa810f2b33bb0f9726f819a21fb31a5f7502b4f84114be6cc33cfba1e4ae"
        },
        "pipfile-spec": 6,
        "requires": {
            "python_version": "3.6"
        },
        "sources": [
            {
                "name": "pypi",
                "url": "https://pypi.org/simple",
                "verify_ssl": true
            }
        ]
    },
    "default": {
        "natsort": {
            "hashes": [
                "sha256:6d3e98c8c7ace4024181dca44dfdc57de3489fd92df11a494b8d4c50e81fb219",
                "sha256:da930bfddce941526955dea8d35a44243c96adf919ceb758ba7bbd1ba5b0a39a"
            ],
            "index": "pypi",
            "version": "==5.3.3"
        }
    },
    "develop": {}
}
